
Microsoft Visual Studio Solution File, Format Version 12.00
Project("{FAE04EC0-301F-11D3-BF4B-00C04F79EFBC}") = "Igloo.Common", "src\Igloo.Common\Igloo.Common.csproj", "{B7783B61-C1F8-422D-B83C-083AC6D278A7}"
EndProject
Project("{FAE04EC0-301F-11D3-BF4B-00C04F79EFBC}") = "Igloo.Common.Tests", "test\Igloo.Common.Tests\Igloo.Common.Tests.csproj", "{6BF85B7D-9A8B-470D-AA42-CF4198DCCF98}"
EndProject
Project("{FAE04EC0-301F-11D3-BF4B-00C04F79EFBC}") = "Igloo.Server", "src\Igloo.Server\Igloo.Server.csproj", "{677F0952-FD6E-4B15-83B1-0C634BC81F6E}"
EndProject
Project("{FAE04EC0-301F-11D3-BF4B-00C04F79EFBC}") = "Igloo.Network", "src\Igloo.Network\Igloo.Network.csproj", "{43D7459F-DBD2-46F7-80F6-EDA41782BF91}"
EndProject
Project("{2150E333-8FDC-42A3-9474-1A3956D46DE8}") = "src", "src", "{45E4FA1A-858F-49DC-BB30-704D7C1BC05F}"
EndProject
Project("{2150E333-8FDC-42A3-9474-1A3956D46DE8}") = "test", "test", "{0AC167B7-CC0B-468A-AB2D-723A4A529AD1}"
EndProject
Project("{2150E333-8FDC-42A3-9474-1A3956D46DE8}") = "samples", "samples", "{FE0896E0-BC86-4960-96BF-DF16B52185C0}"
EndProject
Project("{FAE04EC0-301F-11D3-BF4B-00C04F79EFBC}") = "SampleProject", "samples\SampleProject\SampleProject.csproj", "{59FBE934-AAA7-4880-96EC-EB08A55B9E16}"
EndProject
Project("{FAE04EC0-301F-11D3-BF4B-00C04F79EFBC}") = "Igloo.Players", "src\Igloo.Players\Igloo.Players.csproj", "{8926E0EC-3C75-40F4-A9EC-798542E311D3}"
EndProject
Project("{FAE04EC0-301F-11D3-BF4B-00C04F79EFBC}") = "Igloo.NBT", "src\Igloo.NBT\Igloo.NBT.csproj", "{2A3F6F33-EE62-4CD1-9125-02ED09209186}"
EndProject
Global
	GlobalSection(SolutionConfigurationPlatforms) = preSolution
		Debug|Any CPU = Debug|Any CPU
		Release|Any CPU = Release|Any CPU
	EndGlobalSection
	GlobalSection(ProjectConfigurationPlatforms) = postSolution
		{B7783B61-C1F8-422D-B83C-083AC6D278A7}.Debug|Any CPU.ActiveCfg = Debug|Any CPU
		{B7783B61-C1F8-422D-B83C-083AC6D278A7}.Debug|Any CPU.Build.0 = Debug|Any CPU
		{B7783B61-C1F8-422D-B83C-083AC6D278A7}.Release|Any CPU.ActiveCfg = Release|Any CPU
		{B7783B61-C1F8-422D-B83C-083AC6D278A7}.Release|Any CPU.Build.0 = Release|Any CPU
		{6BF85B7D-9A8B-470D-AA42-CF4198DCCF98}.Debug|Any CPU.ActiveCfg = Debug|Any CPU
		{6BF85B7D-9A8B-470D-AA42-CF4198DCCF98}.Debug|Any CPU.Build.0 = Debug|Any CPU
		{6BF85B7D-9A8B-470D-AA42-CF4198DCCF98}.Release|Any CPU.ActiveCfg = Release|Any CPU
		{6BF85B7D-9A8B-470D-AA42-CF4198DCCF98}.Release|Any CPU.Build.0 = Release|Any CPU
		{677F0952-FD6E-4B15-83B1-0C634BC81F6E}.Debug|Any CPU.ActiveCfg = Debug|Any CPU
		{677F0952-FD6E-4B15-83B1-0C634BC81F6E}.Debug|Any CPU.Build.0 = Debug|Any CPU
		{677F0952-FD6E-4B15-83B1-0C634BC81F6E}.Release|Any CPU.ActiveCfg = Release|Any CPU
		{677F0952-FD6E-4B15-83B1-0C634BC81F6E}.Release|Any CPU.Build.0 = Release|Any CPU
		{43D7459F-DBD2-46F7-80F6-EDA41782BF91}.Debug|Any CPU.ActiveCfg = Debug|Any CPU
		{43D7459F-DBD2-46F7-80F6-EDA41782BF91}.Debug|Any CPU.Build.0 = Debug|Any CPU
		{43D7459F-DBD2-46F7-80F6-EDA41782BF91}.Release|Any CPU.ActiveCfg = Release|Any CPU
		{43D7459F-DBD2-46F7-80F6-EDA41782BF91}.Release|Any CPU.Build.0 = Release|Any CPU
		{59FBE934-AAA7-4880-96EC-EB08A55B9E16}.Debug|Any CPU.ActiveCfg = Debug|Any CPU
		{59FBE934-AAA7-4880-96EC-EB08A55B9E16}.Debug|Any CPU.Build.0 = Debug|Any CPU
		{59FBE934-AAA7-4880-96EC-EB08A55B9E16}.Release|Any CPU.ActiveCfg = Release|Any CPU
		{59FBE934-AAA7-4880-96EC-EB08A55B9E16}.Release|Any CPU.Build.0 = Release|Any CPU
		{8926E0EC-3C75-40F4-A9EC-798542E311D3}.Debug|Any CPU.ActiveCfg = Debug|Any CPU
		{8926E0EC-3C75-40F4-A9EC-798542E311D3}.Debug|Any CPU.Build.0 = Debug|Any CPU
		{8926E0EC-3C75-40F4-A9EC-798542E311D3}.Release|Any CPU.ActiveCfg = Release|Any CPU
		{8926E0EC-3C75-40F4-A9EC-798542E311D3}.Release|Any CPU.Build.0 = Release|Any CPU
		{2A3F6F33-EE62-4CD1-9125-02ED09209186}.Debug|Any CPU.ActiveCfg = Debug|Any CPU
		{2A3F6F33-EE62-4CD1-9125-02ED09209186}.Debug|Any CPU.Build.0 = Debug|Any CPU
		{2A3F6F33-EE62-4CD1-9125-02ED09209186}.Release|Any CPU.ActiveCfg = Release|Any CPU
		{2A3F6F33-EE62-4CD1-9125-02ED09209186}.Release|Any CPU.Build.0 = Release|Any CPU
	EndGlobalSection
	GlobalSection(NestedProjects) = preSolution
		{677F0952-FD6E-4B15-83B1-0C634BC81F6E} = {45E4FA1A-858F-49DC-BB30-704D7C1BC05F}
		{B7783B61-C1F8-422D-B83C-083AC6D278A7} = {45E4FA1A-858F-49DC-BB30-704D7C1BC05F}
		{43D7459F-DBD2-46F7-80F6-EDA41782BF91} = {45E4FA1A-858F-49DC-BB30-704D7C1BC05F}
		{6BF85B7D-9A8B-470D-AA42-CF4198DCCF98} = {0AC167B7-CC0B-468A-AB2D-723A4A529AD1}
		{59FBE934-AAA7-4880-96EC-EB08A55B9E16} = {FE0896E0-BC86-4960-96BF-DF16B52185C0}
		{8926E0EC-3C75-40F4-A9EC-798542E311D3} = {45E4FA1A-858F-49DC-BB30-704D7C1BC05F}
		{2A3F6F33-EE62-4CD1-9125-02ED09209186} = {45E4FA1A-858F-49DC-BB30-704D7C1BC05F}
	EndGlobalSection
EndGlobal
